
Microsoft Visual Studio Solution File, Format Version 11.00
# Visual Studio 2010
Project("{8BC9CEB8-8B4A-11D0-8D11-00A0C91BC942}") = "testResamplingAudio", "testResamplingAudio\testResamplingAudio.vcxproj", "{7739593A-E887-4B01-ADC8-38E2E60BB051}"
EndProject
Project("{8BC9CEB8-8B4A-11D0-8D11-00A0C91BC942}") = "testTranscoder", "testTranscoder\testTranscoder.vcxproj", "{F92AD88A-5587-4DD7-9AA7-5ED101244432}"
EndProject
Project("{8BC9CEB8-8B4A-11D0-8D11-00A0C91BC942}") = "testDemuxer", "testDemuxer\testDemuxer.vcxproj", "{7113EC0E-640E-45E7-9B1F-CD9C58671D7C}"
EndProject
Project("{8BC9CEB8-8B4A-11D0-8D11-00A0C91BC942}") = "testAudioDemuxer", "testAudioDemuxer\testAudioDemuxer.vcxproj", "{1DB63442-E000-407C-897A-66F7EF36947D}"
EndProject
Project("{8BC9CEB8-8B4A-11D0-8D11-00A0C91BC942}") = "testTranscoder1", "testTranscoder1\testTranscoder1.vcxproj", "{FB548365-10B1-48C5-BC9E-56605CDD75C5}"
EndProject
Project("{8BC9CEB8-8B4A-11D0-8D11-00A0C91BC942}") = "testAudioTranscoder", "testAudioTranscoder\testAudioTranscoder.vcxproj", "{36A74BF9-42C8-4456-82AF-7E7654DC666B}"
EndProject
Project("{8BC9CEB8-8B4A-11D0-8D11-00A0C91BC942}") = "AudioTranscoder", "AudioTranscoder\AudioTranscoder.vcxproj", "{AED2B93C-D6DD-4AB0-8792-7A086B35966A}"
EndProject
Project("{8BC9CEB8-8B4A-11D0-8D11-00A0C91BC942}") = "testTranscodertobmp", "testTranscodertobmp\testTranscodertobmp.vcxproj", "{04329D6A-9234-488C-87B5-973204B043BC}"
EndProject
Project("{8BC9CEB8-8B4A-11D0-8D11-00A0C91BC942}") = "AudioTranscoder1", "AudioTranscoder1\AudioTranscoder1.vcxproj", "{53AB0690-CC72-41EF-9FC1-4037D2746ECD}"
EndProject
Global
	GlobalSection(SolutionConfigurationPlatforms) = preSolution
		Debug|Win32 = Debug|Win32
		Release|Win32 = Release|Win32
	EndGlobalSection
	GlobalSection(ProjectConfigurationPlatforms) = postSolution
		{7739593A-E887-4B01-ADC8-38E2E60BB051}.Debug|Win32.ActiveCfg = Debug|Win32
		{7739593A-E887-4B01-ADC8-38E2E60BB051}.Debug|Win32.Build.0 = Debug|Win32
		{7739593A-E887-4B01-ADC8-38E2E60BB051}.Release|Win32.ActiveCfg = Release|Win32
		{7739593A-E887-4B01-ADC8-38E2E60BB051}.Release|Win32.Build.0 = Release|Win32
		{F92AD88A-5587-4DD7-9AA7-5ED101244432}.Debug|Win32.ActiveCfg = Debug|Win32
		{F92AD88A-5587-4DD7-9AA7-5ED101244432}.Debug|Win32.Build.0 = Debug|Win32
		{F92AD88A-5587-4DD7-9AA7-5ED101244432}.Release|Win32.ActiveCfg = Release|Win32
		{F92AD88A-5587-4DD7-9AA7-5ED101244432}.Release|Win32.Build.0 = Release|Win32
		{7113EC0E-640E-45E7-9B1F-CD9C58671D7C}.Debug|Win32.ActiveCfg = Debug|Win32
		{7113EC0E-640E-45E7-9B1F-CD9C58671D7C}.Debug|Win32.Build.0 = Debug|Win32
		{7113EC0E-640E-45E7-9B1F-CD9C58671D7C}.Release|Win32.ActiveCfg = Release|Win32
		{7113EC0E-640E-45E7-9B1F-CD9C58671D7C}.Release|Win32.Build.0 = Release|Win32
		{1DB63442-E000-407C-897A-66F7EF36947D}.Debug|Win32.ActiveCfg = Debug|Win32
		{1DB63442-E000-407C-897A-66F7EF36947D}.Debug|Win32.Build.0 = Debug|Win32
		{1DB63442-E000-407C-897A-66F7EF36947D}.Release|Win32.ActiveCfg = Release|Win32
		{1DB63442-E000-407C-897A-66F7EF36947D}.Release|Win32.Build.0 = Release|Win32
		{FB548365-10B1-48C5-BC9E-56605CDD75C5}.Debug|Win32.ActiveCfg = Debug|Win32
		{FB548365-10B1-48C5-BC9E-56605CDD75C5}.Debug|Win32.Build.0 = Debug|Win32
		{FB548365-10B1-48C5-BC9E-56605CDD75C5}.Release|Win32.ActiveCfg = Release|Win32
		{FB548365-10B1-48C5-BC9E-56605CDD75C5}.Release|Win32.Build.0 = Release|Win32
		{36A74BF9-42C8-4456-82AF-7E7654DC666B}.Debug|Win32.ActiveCfg = Debug|Win32
		{36A74BF9-42C8-4456-82AF-7E7654DC666B}.Debug|Win32.Build.0 = Debug|Win32
		{36A74BF9-42C8-4456-82AF-7E7654DC666B}.Release|Win32.ActiveCfg = Release|Win32
		{36A74BF9-42C8-4456-82AF-7E7654DC666B}.Release|Win32.Build.0 = Release|Win32
		{AED2B93C-D6DD-4AB0-8792-7A086B35966A}.Debug|Win32.ActiveCfg = Debug|Win32
		{AED2B93C-D6DD-4AB0-8792-7A086B35966A}.Debug|Win32.Build.0 = Debug|Win32
		{AED2B93C-D6DD-4AB0-8792-7A086B35966A}.Release|Win32.ActiveCfg = Release|Win32
		{AED2B93C-D6DD-4AB0-8792-7A086B35966A}.Release|Win32.Build.0 = Release|Win32
		{04329D6A-9234-488C-87B5-973204B043BC}.Debug|Win32.ActiveCfg = Debug|Win32
		{04329D6A-9234-488C-87B5-973204B043BC}.Debug|Win32.Build.0 = Debug|Win32
		{04329D6A-9234-488C-87B5-973204B043BC}.Release|Win32.ActiveCfg = Release|Win32
		{04329D6A-9234-488C-87B5-973204B043BC}.Release|Win32.Build.0 = Release|Win32
		{53AB0690-CC72-41EF-9FC1-4037D2746ECD}.Debug|Win32.ActiveCfg = Debug|Win32
		{53AB0690-CC72-41EF-9FC1-4037D2746ECD}.Debug|Win32.Build.0 = Debug|Win32
		{53AB0690-CC72-41EF-9FC1-4037D2746ECD}.Release|Win32.ActiveCfg = Release|Win32
		{53AB0690-CC72-41EF-9FC1-4037D2746ECD}.Release|Win32.Build.0 = Release|Win32
	EndGlobalSection
	GlobalSection(SolutionProperties) = preSolution
		HideSolutionNode = FALSE
	EndGlobalSection
EndGlobal
